
Microsoft Visual Studio Solution File, Format Version 12.00
# Visual Studio Version 16
VisualStudioVersion = 16.0.29123.88
MinimumVisualStudioVersion = 10.0.40219.1
Project("{9A19103F-16F7-4668-BE54-9A1E7A4F7556}") = "DDDTW.CoffeeShop.CommonLib", "DDDTW.CoffeeShop.CommonLib\DDDTW.CoffeeShop.CommonLib.csproj", "{2CCE100C-CB70-4C2B-9F1F-EE385DE36ECA}"
EndProject
Project("{9A19103F-16F7-4668-BE54-9A1E7A4F7556}") = "DDDTW.CoffeeShop.Infrastructures", "DDDTW.CoffeeShop.Infrastructures\DDDTW.CoffeeShop.Infrastructures.csproj", "{E6BA4F24-C302-4338-9344-EDC2B09B2E4F}"
EndProject
Project("{2150E333-8FDC-42A3-9474-1A3956D46DE8}") = "Coffee", "Coffee", "{2B979E6C-1305-4410-8DB9-5C485F71B5B0}"
EndProject
Project("{2150E333-8FDC-42A3-9474-1A3956D46DE8}") = "Order", "Order", "{6FBBC806-D82A-438E-A7CF-4C1B137654FA}"
EndProject
Project("{9A19103F-16F7-4668-BE54-9A1E7A4F7556}") = "DDDTW.CoffeeShop.Coffee.Domain", "Coffee\DDDTW.CoffeeShop.Coffee.Domain\DDDTW.CoffeeShop.Coffee.Domain.csproj", "{C9AA1B20-F239-4635-B3E9-4412509F948A}"
EndProject
Project("{9A19103F-16F7-4668-BE54-9A1E7A4F7556}") = "DDDTW.CoffeeShop.Coffee.Application", "Coffee\DDDTW.CoffeeShop.Coffee.Application\DDDTW.CoffeeShop.Coffee.Application.csproj", "{E5B6A5FF-9B85-4978-A75F-46E1432E73A0}"
EndProject
Project("{9A19103F-16F7-4668-BE54-9A1E7A4F7556}") = "DDDTW.CoffeeShop.Coffee.WebAPI", "Coffee\DDDTW.CoffeeShop.Coffee.WebAPI\DDDTW.CoffeeShop.Coffee.WebAPI.csproj", "{AC86191E-EBDD-4FDC-80ED-843BD9519409}"
EndProject
Project("{9A19103F-16F7-4668-BE54-9A1E7A4F7556}") = "DDDTW.CoffeeShop.Coffee.UnitTest", "Coffee\DDDTW.CoffeeShop.Coffee.UnitTest\DDDTW.CoffeeShop.Coffee.UnitTest.csproj", "{B82B3AA2-F7A6-4058-BCE5-C6E9EEA7F89E}"
EndProject
Project("{9A19103F-16F7-4668-BE54-9A1E7A4F7556}") = "DDDTW.CoffeeShop.Orders.Domain", "Order\DDDTW.CoffeeShop.Orders.Domain\DDDTW.CoffeeShop.Orders.Domain.csproj", "{4F5DBD2C-AC2D-44C7-8D7C-2E01AD7E3A29}"
EndProject
Project("{9A19103F-16F7-4668-BE54-9A1E7A4F7556}") = "DDDTW.CoffeeShop.Orders.Application", "Order\DDDTW.CoffeeShop.Orders.Application\DDDTW.CoffeeShop.Orders.Application.csproj", "{715009E4-B4B2-41E8-A015-12F04741FC37}"
EndProject
Project("{9A19103F-16F7-4668-BE54-9A1E7A4F7556}") = "DDDTW.CoffeeShop.Orders.WebAPI", "Order\DDDTW.CoffeeShop.Orders.WebAPI\DDDTW.CoffeeShop.Orders.WebAPI.csproj", "{E601E52D-217F-4CD9-91A2-73DC0EFFEFF6}"
EndProject
Project("{9A19103F-16F7-4668-BE54-9A1E7A4F7556}") = "DDDTW.CoffeeShop.Orders.UnitTest", "Order\DDDTW.CoffeeShop.Orders.UnitTest\DDDTW.CoffeeShop.Orders.UnitTest.csproj", "{B85D38D6-E45F-4369-AE72-840AB941F2B6}"
EndProject
Project("{2150E333-8FDC-42A3-9474-1A3956D46DE8}") = "Inventory", "Inventory", "{96F6BB7D-648E-4628-A95A-8DDE1B20C94A}"
EndProject
Project("{9A19103F-16F7-4668-BE54-9A1E7A4F7556}") = "DDDTW.CoffeeShop.Inventories.Domain", "Inventory\DDDTW.CoffeeShop.Inventories.Domain\DDDTW.CoffeeShop.Inventories.Domain.csproj", "{E9747FB9-985E-45F8-A85E-E95FD1E4FB84}"
EndProject
Project("{9A19103F-16F7-4668-BE54-9A1E7A4F7556}") = "DDDTW.CoffeeShop.Inventories.Application", "Inventory\DDDTW.CoffeeShop.Inventories.Application\DDDTW.CoffeeShop.Inventories.Application.csproj", "{1ED6B84D-0988-4E94-B64E-5E73F45E543A}"
EndProject
Project("{9A19103F-16F7-4668-BE54-9A1E7A4F7556}") = "DDDTW.CoffeeShop.Inventories.WebAPI", "Inventory\DDDTW.CoffeeShop.Inventories.WebAPI\DDDTW.CoffeeShop.Inventories.WebAPI.csproj", "{BD995D4C-9463-42A2-B8F1-20DA245DCFC5}"
EndProject
Project("{9A19103F-16F7-4668-BE54-9A1E7A4F7556}") = "DDDTW.CoffeeShop.Inventories.UnitTest", "Inventory\DDDTW.CoffeeShop.Inventories.UnitTest\DDDTW.CoffeeShop.Inventories.UnitTest.csproj", "{728AFE9A-106B-4936-A351-DE9FC167CE7E}"
EndProject
Global
	GlobalSection(SolutionConfigurationPlatforms) = preSolution
		Debug|Any CPU = Debug|Any CPU
		Release|Any CPU = Release|Any CPU
	EndGlobalSection
	GlobalSection(ProjectConfigurationPlatforms) = postSolution
		{2CCE100C-CB70-4C2B-9F1F-EE385DE36ECA}.Debug|Any CPU.ActiveCfg = Debug|Any CPU
		{2CCE100C-CB70-4C2B-9F1F-EE385DE36ECA}.Debug|Any CPU.Build.0 = Debug|Any CPU
		{2CCE100C-CB70-4C2B-9F1F-EE385DE36ECA}.Release|Any CPU.ActiveCfg = Release|Any CPU
		{2CCE100C-CB70-4C2B-9F1F-EE385DE36ECA}.Release|Any CPU.Build.0 = Release|Any CPU
		{E6BA4F24-C302-4338-9344-EDC2B09B2E4F}.Debug|Any CPU.ActiveCfg = Debug|Any CPU
		{E6BA4F24-C302-4338-9344-EDC2B09B2E4F}.Debug|Any CPU.Build.0 = Debug|Any CPU
		{E6BA4F24-C302-4338-9344-EDC2B09B2E4F}.Release|Any CPU.ActiveCfg = Release|Any CPU
		{E6BA4F24-C302-4338-9344-EDC2B09B2E4F}.Release|Any CPU.Build.0 = Release|Any CPU
		{C9AA1B20-F239-4635-B3E9-4412509F948A}.Debug|Any CPU.ActiveCfg = Debug|Any CPU
		{C9AA1B20-F239-4635-B3E9-4412509F948A}.Debug|Any CPU.Build.0 = Debug|Any CPU
		{C9AA1B20-F239-4635-B3E9-4412509F948A}.Release|Any CPU.ActiveCfg = Release|Any CPU
		{C9AA1B20-F239-4635-B3E9-4412509F948A}.Release|Any CPU.Build.0 = Release|Any CPU
		{E5B6A5FF-9B85-4978-A75F-46E1432E73A0}.Debug|Any CPU.ActiveCfg = Debug|Any CPU
		{E5B6A5FF-9B85-4978-A75F-46E1432E73A0}.Debug|Any CPU.Build.0 = Debug|Any CPU
		{E5B6A5FF-9B85-4978-A75F-46E1432E73A0}.Release|Any CPU.ActiveCfg = Release|Any CPU
		{E5B6A5FF-9B85-4978-A75F-46E1432E73A0}.Release|Any CPU.Build.0 = Release|Any CPU
		{AC86191E-EBDD-4FDC-80ED-843BD9519409}.Debug|Any CPU.ActiveCfg = Debug|Any CPU
		{AC86191E-EBDD-4FDC-80ED-843BD9519409}.Debug|Any CPU.Build.0 = Debug|Any CPU
		{AC86191E-EBDD-4FDC-80ED-843BD9519409}.Release|Any CPU.ActiveCfg = Release|Any CPU
		{AC86191E-EBDD-4FDC-80ED-843BD9519409}.Release|Any CPU.Build.0 = Release|Any CPU
		{B82B3AA2-F7A6-4058-BCE5-C6E9EEA7F89E}.Debug|Any CPU.ActiveCfg = Debug|Any CPU
		{B82B3AA2-F7A6-4058-BCE5-C6E9EEA7F89E}.Debug|Any CPU.Build.0 = Debug|Any CPU
		{B82B3AA2-F7A6-4058-BCE5-C6E9EEA7F89E}.Release|Any CPU.ActiveCfg = Release|Any CPU
		{B82B3AA2-F7A6-4058-BCE5-C6E9EEA7F89E}.Release|Any CPU.Build.0 = Release|Any CPU
		{4F5DBD2C-AC2D-44C7-8D7C-2E01AD7E3A29}.Debug|Any CPU.ActiveCfg = Debug|Any CPU
		{4F5DBD2C-AC2D-44C7-8D7C-2E01AD7E3A29}.Debug|Any CPU.Build.0 = Debug|Any CPU
		{4F5DBD2C-AC2D-44C7-8D7C-2E01AD7E3A29}.Release|Any CPU.ActiveCfg = Release|Any CPU
		{4F5DBD2C-AC2D-44C7-8D7C-2E01AD7E3A29}.Release|Any CPU.Build.0 = Release|Any CPU
		{715009E4-B4B2-41E8-A015-12F04741FC37}.Debug|Any CPU.ActiveCfg = Debug|Any CPU
		{715009E4-B4B2-41E8-A015-12F04741FC37}.Debug|Any CPU.Build.0 = Debug|Any CPU
		{715009E4-B4B2-41E8-A015-12F04741FC37}.Release|Any CPU.ActiveCfg = Release|Any CPU
		{715009E4-B4B2-41E8-A015-12F04741FC37}.Release|Any CPU.Build.0 = Release|Any CPU
		{E601E52D-217F-4CD9-91A2-73DC0EFFEFF6}.Debug|Any CPU.ActiveCfg = Debug|Any CPU
		{E601E52D-217F-4CD9-91A2-73DC0EFFEFF6}.Debug|Any CPU.Build.0 = Debug|Any CPU
		{E601E52D-217F-4CD9-91A2-73DC0EFFEFF6}.Release|Any CPU.ActiveCfg = Release|Any CPU
		{E601E52D-217F-4CD9-91A2-73DC0EFFEFF6}.Release|Any CPU.Build.0 = Release|Any CPU
		{B85D38D6-E45F-4369-AE72-840AB941F2B6}.Debug|Any CPU.ActiveCfg = Debug|Any CPU
		{B85D38D6-E45F-4369-AE72-840AB941F2B6}.Debug|Any CPU.Build.0 = Debug|Any CPU
		{B85D38D6-E45F-4369-AE72-840AB941F2B6}.Release|Any CPU.ActiveCfg = Release|Any CPU
		{B85D38D6-E45F-4369-AE72-840AB941F2B6}.Release|Any CPU.Build.0 = Release|Any CPU
		{E9747FB9-985E-45F8-A85E-E95FD1E4FB84}.Debug|Any CPU.ActiveCfg = Debug|Any CPU
		{E9747FB9-985E-45F8-A85E-E95FD1E4FB84}.Debug|Any CPU.Build.0 = Debug|Any CPU
		{E9747FB9-985E-45F8-A85E-E95FD1E4FB84}.Release|Any CPU.ActiveCfg = Release|Any CPU
		{E9747FB9-985E-45F8-A85E-E95FD1E4FB84}.Release|Any CPU.Build.0 = Release|Any CPU
		{1ED6B84D-0988-4E94-B64E-5E73F45E543A}.Debug|Any CPU.ActiveCfg = Debug|Any CPU
		{1ED6B84D-0988-4E94-B64E-5E73F45E543A}.Debug|Any CPU.Build.0 = Debug|Any CPU
		{1ED6B84D-0988-4E94-B64E-5E73F45E543A}.Release|Any CPU.ActiveCfg = Release|Any CPU
		{1ED6B84D-0988-4E94-B64E-5E73F45E543A}.Release|Any CPU.Build.0 = Release|Any CPU
		{BD995D4C-9463-42A2-B8F1-20DA245DCFC5}.Debug|Any CPU.ActiveCfg = Debug|Any CPU
		{BD995D4C-9463-42A2-B8F1-20DA245DCFC5}.Debug|Any CPU.Build.0 = Debug|Any CPU
		{BD995D4C-9463-42A2-B8F1-20DA245DCFC5}.Release|Any CPU.ActiveCfg = Release|Any CPU
		{BD995D4C-9463-42A2-B8F1-20DA245DCFC5}.Release|Any CPU.Build.0 = Release|Any CPU
		{728AFE9A-106B-4936-A351-DE9FC167CE7E}.Debug|Any CPU.ActiveCfg = Debug|Any CPU
		{728AFE9A-106B-4936-A351-DE9FC167CE7E}.Debug|Any CPU.Build.0 = Debug|Any CPU
		{728AFE9A-106B-4936-A351-DE9FC167CE7E}.Release|Any CPU.ActiveCfg = Release|Any CPU
		{728AFE9A-106B-4936-A351-DE9FC167CE7E}.Release|Any CPU.Build.0 = Release|Any CPU
	EndGlobalSection
	GlobalSection(SolutionProperties) = preSolution
		HideSolutionNode = FALSE
	EndGlobalSection
	GlobalSection(NestedProjects) = preSolution
		{C9AA1B20-F239-4635-B3E9-4412509F948A} = {2B979E6C-1305-4410-8DB9-5C485F71B5B0}
		{E5B6A5FF-9B85-4978-A75F-46E1432E73A0} = {2B979E6C-1305-4410-8DB9-5C485F71B5B0}
		{AC86191E-EBDD-4FDC-80ED-843BD9519409} = {2B979E6C-1305-4410-8DB9-5C485F71B5B0}
		{B82B3AA2-F7A6-4058-BCE5-C6E9EEA7F89E} = {2B979E6C-1305-4410-8DB9-5C485F71B5B0}
		{4F5DBD2C-AC2D-44C7-8D7C-2E01AD7E3A29} = {6FBBC806-D82A-438E-A7CF-4C1B137654FA}
		{715009E4-B4B2-41E8-A015-12F04741FC37} = {6FBBC806-D82A-438E-A7CF-4C1B137654FA}
		{E601E52D-217F-4CD9-91A2-73DC0EFFEFF6} = {6FBBC806-D82A-438E-A7CF-4C1B137654FA}
		{B85D38D6-E45F-4369-AE72-840AB941F2B6} = {6FBBC806-D82A-438E-A7CF-4C1B137654FA}
		{E9747FB9-985E-45F8-A85E-E95FD1E4FB84} = {96F6BB7D-648E-4628-A95A-8DDE1B20C94A}
		{1ED6B84D-0988-4E94-B64E-5E73F45E543A} = {96F6BB7D-648E-4628-A95A-8DDE1B20C94A}
		{BD995D4C-9463-42A2-B8F1-20DA245DCFC5} = {96F6BB7D-648E-4628-A95A-8DDE1B20C94A}
		{728AFE9A-106B-4936-A351-DE9FC167CE7E} = {96F6BB7D-648E-4628-A95A-8DDE1B20C94A}
	EndGlobalSection
	GlobalSection(ExtensibilityGlobals) = postSolution
		SolutionGuid = {BEBBE05A-76D9-44E0-812C-52FD264974F0}
	EndGlobalSection
EndGlobal
